{
  "projects": [
    {
      "projectId": "seaQhLVS4bbjiGvJJrRwyL",
      "version": "15.0.3",
      "dependencies": {},
      "lang": "ts",
      "fileLocks": [
        {
          "assetId": "seaQhLVS4bbjiGvJJrRwyL",
          "type": "projectCss",
          "checksum": "85f7ca190f576c5a2499623973afb625"
        }
      ]
    },
    {
      "projectId": "ki15SzMenR7qZ3gsigBUcH",
      "version": "latest",
      "dependencies": {
        "seaQhLVS4bbjiGvJJrRwyL": "15.0.3"
      },
      "lang": "ts",
      "fileLocks": [
        {
          "type": "globalVariant",
          "assetId": "Xr1dkMdTOcmN",
          "checksum": "82acae278997346db18b03e942a98aa3"
        },
        {
          "assetId": "ki15SzMenR7qZ3gsigBUcH",
          "type": "projectCss",
          "checksum": "048eddd6e6b0875b3f53eea572a72b53"
        },
        {
          "type": "renderModule",
          "assetId": "Vyjvom2cGQ2",
          "checksum": "c5aed15c932d2f277f3a267ad2689a34"
        },
        {
          "type": "cssRules",
          "assetId": "Vyjvom2cGQ2",
          "checksum": "c5aed15c932d2f277f3a267ad2689a34"
        },
        {
          "type": "renderModule",
          "assetId": "n_CRY264afK",
          "checksum": "bd4b1033cd49fe32c3696b72adc304bf"
        },
        {
          "type": "cssRules",
          "assetId": "n_CRY264afK",
          "checksum": "bd4b1033cd49fe32c3696b72adc304bf"
        },
        {
          "type": "renderModule",
          "assetId": "3cit5VhmuOA",
          "checksum": "b76b16ec4afcdd2c78a91cfcc092bcbe"
        },
        {
          "type": "cssRules",
          "assetId": "3cit5VhmuOA",
          "checksum": "b76b16ec4afcdd2c78a91cfcc092bcbe"
        },
        {
          "type": "renderModule",
          "assetId": "3-uxc9MIOgL",
          "checksum": "d7cf5d4b73a32621bea73109148dc39d"
        },
        {
          "type": "cssRules",
          "assetId": "3-uxc9MIOgL",
          "checksum": "d7cf5d4b73a32621bea73109148dc39d"
        },
        {
          "type": "renderModule",
          "assetId": "RDaghYZiD39",
          "checksum": "1e23b6e4876ae2a1fb205c482dfa9ba8"
        },
        {
          "type": "cssRules",
          "assetId": "RDaghYZiD39",
          "checksum": "1e23b6e4876ae2a1fb205c482dfa9ba8"
        },
        {
          "type": "renderModule",
          "assetId": "emquuw6mI8y",
          "checksum": "c4f2924d5b072c4b87d9e2d5eb895ee0"
        },
        {
          "type": "cssRules",
          "assetId": "emquuw6mI8y",
          "checksum": "c4f2924d5b072c4b87d9e2d5eb895ee0"
        },
        {
          "type": "renderModule",
          "assetId": "nGzOx1AIQbg",
          "checksum": "975c1cc97d503eb2eed487e9fc32537f"
        },
        {
          "type": "cssRules",
          "assetId": "nGzOx1AIQbg",
          "checksum": "975c1cc97d503eb2eed487e9fc32537f"
        },
        {
          "type": "renderModule",
          "assetId": "OYYxZh90EPr",
          "checksum": "f9eff9fac94499da828b03f61ef719a8"
        },
        {
          "type": "cssRules",
          "assetId": "OYYxZh90EPr",
          "checksum": "f9eff9fac94499da828b03f61ef719a8"
        },
        {
          "type": "renderModule",
          "assetId": "wBL337jE9kGA",
          "checksum": "902a71c9dec7b12f0eb3170845c8b639"
        },
        {
          "type": "cssRules",
          "assetId": "wBL337jE9kGA",
          "checksum": "902a71c9dec7b12f0eb3170845c8b639"
        },
        {
          "type": "renderModule",
          "assetId": "vyXIAsX9YXu6",
          "checksum": "19edb09fd4278101869d920dfa7a926e"
        },
        {
          "type": "cssRules",
          "assetId": "vyXIAsX9YXu6",
          "checksum": "19edb09fd4278101869d920dfa7a926e"
        },
        {
          "type": "renderModule",
          "assetId": "oGW235FJSBGI",
          "checksum": "f5228901d23b0455656cea2633f66cc0"
        },
        {
          "type": "cssRules",
          "assetId": "oGW235FJSBGI",
          "checksum": "f5228901d23b0455656cea2633f66cc0"
        },
        {
          "type": "renderModule",
          "assetId": "U_qG7_kSQXna",
          "checksum": "e1c4dfddde1f93515e3eb488e463ce4f"
        },
        {
          "type": "cssRules",
          "assetId": "U_qG7_kSQXna",
          "checksum": "e1c4dfddde1f93515e3eb488e463ce4f"
        },
        {
          "type": "renderModule",
          "assetId": "cHa-1dWJkReo",
          "checksum": "f02147ba36994668533ca2d3c2c364ad"
        },
        {
          "type": "cssRules",
          "assetId": "cHa-1dWJkReo",
          "checksum": "f02147ba36994668533ca2d3c2c364ad"
        },
        {
          "type": "renderModule",
          "assetId": "Qp6JNMzQtXlL",
          "checksum": "bbd223a6134bd3b82e2001ce1dfcd96f"
        },
        {
          "type": "cssRules",
          "assetId": "Qp6JNMzQtXlL",
          "checksum": "bbd223a6134bd3b82e2001ce1dfcd96f"
        },
        {
          "type": "renderModule",
          "assetId": "ch_tEefot4tO",
          "checksum": "0993dfbe4cba8ebcb0a771d3bccb00e1"
        },
        {
          "type": "cssRules",
          "assetId": "ch_tEefot4tO",
          "checksum": "0993dfbe4cba8ebcb0a771d3bccb00e1"
        },
        {
          "type": "renderModule",
          "assetId": "4Gtpm8PzZu-D",
          "checksum": "9453aa58804c91c9f27c1fe941d08cac"
        },
        {
          "type": "cssRules",
          "assetId": "4Gtpm8PzZu-D",
          "checksum": "9453aa58804c91c9f27c1fe941d08cac"
        },
        {
          "type": "renderModule",
          "assetId": "2flGAxLADYlq",
          "checksum": "3fe8803036092c843b31ab9263c2f8af"
        },
        {
          "type": "cssRules",
          "assetId": "2flGAxLADYlq",
          "checksum": "3fe8803036092c843b31ab9263c2f8af"
        },
        {
          "type": "icon",
          "assetId": "4pVM9GbY7ERT",
          "checksum": "932696cf7d5e7c616bfc95d576c2b35d"
        },
        {
          "type": "icon",
          "assetId": "4btLEzrxjTU2",
          "checksum": "172a598b932b492d46fa392b5fe0b917"
        },
        {
          "type": "icon",
          "assetId": "-K8ZT2ylvFh_",
          "checksum": "c4ed22dd3d2ce65d20bfca137fddd56d"
        },
        {
          "type": "icon",
          "assetId": "PLzmTisZ2I3x",
          "checksum": "75fb5fe49edbe4fc7ff5e5c8040f0662"
        },
        {
          "type": "icon",
          "assetId": "g4u4ORpj6cSi",
          "checksum": "a17a57f03a8371430d22d4d1ab40553e"
        },
        {
          "type": "icon",
          "assetId": "CNWsmuVwUGCD",
          "checksum": "15ad16e65fd77166ddaaa33c0a621947"
        },
        {
          "type": "icon",
          "assetId": "LbrODol7zvZh",
          "checksum": "2773791c663dcfff47eabfb8343ad9b6"
        },
        {
          "type": "icon",
          "assetId": "WHLJ7lbfqHvA",
          "checksum": "9eaacfe68e63a5fa514c5e7052ed67b0"
        },
        {
          "type": "icon",
          "assetId": "ADtczW0nhe9A",
          "checksum": "8de9629ea70d02cf419566bea60dc8c9"
        },
        {
          "type": "icon",
          "assetId": "uJzPUsYAifKR",
          "checksum": "c6f12d349a7a3eae68b42a39455d33d1"
        },
        {
          "type": "icon",
          "assetId": "4CRWQ4I14pw8",
          "checksum": "8ad9488ece7d214b9a6c809699016c69"
        },
        {
          "type": "icon",
          "assetId": "mJdJX6QYGRtU",
          "checksum": "7660c801e75274d6554dffcd84267aaf"
        },
        {
          "type": "icon",
          "assetId": "SBc6JzJRTPhg",
          "checksum": "6974c150f14f641200439e62db8121d1"
        },
        {
          "type": "icon",
          "assetId": "GUz5c5y_b1hp",
          "checksum": "e39f87121c012cb56fd2008385511459"
        },
        {
          "type": "icon",
          "assetId": "SjOfcb9ng6Oa",
          "checksum": "0757d1e7d6fff70f7fa3245b8e76cf38"
        },
        {
          "type": "icon",
          "assetId": "V41YCAD5Yge7",
          "checksum": "06e1ba9fee7b181343b7685112683f15"
        },
        {
          "type": "icon",
          "assetId": "dyEC03xGyB-a",
          "checksum": "a8b4391ff71234b924dfbfba06fc7efa"
        },
        {
          "type": "icon",
          "assetId": "ZmavG5fCW8Fr",
          "checksum": "71d63638b53f34ee5bb399566c122e2a"
        },
        {
          "type": "icon",
          "assetId": "vkD1QLggF8qf",
          "checksum": "3f9316432186c11356f388fa7a628660"
        },
        {
          "type": "icon",
          "assetId": "gBuDPsJ1huq0",
          "checksum": "43d283480764a2c2ea52627beb8a6289"
        },
        {
          "type": "image",
          "assetId": "cdToxxCPntzL",
          "checksum": "329c83aac933f42afa6dabd7836bd915"
        },
        {
          "type": "image",
          "assetId": "AY8UPPAfA_Yh",
          "checksum": "f152fa5ead77f00052f76d538a7870a4"
        },
        {
          "type": "image",
          "assetId": "zeaIHD4ZIJbF",
          "checksum": "d8a990c2a98aa044a41b4f5c98ee5d71"
        },
        {
          "type": "image",
          "assetId": "InspHrFeXQ09",
          "checksum": "9f455a9a8e64a05940cd64358c80f08d"
        }
      ]
    }
  ],
  "cliVersion": "0.1.158"
}
